
Microsoft Visual Studio Solution File, Format Version 12.00
# Visual Studio Version 17
VisualStudioVersion = 17.13.35931.197 d17.13
MinimumVisualStudioVersion = 10.0.40219.1
Project("{FAE04EC0-301F-11D3-BF4B-00C04F79EFBC}") = "CloseFriends.Domain", "CloseFriends.Domain\CloseFriends.Domain.csproj", "{8423426E-B2AA-47AE-902A-01731EAA1A7B}"
EndProject
Project("{FAE04EC0-301F-11D3-BF4B-00C04F79EFBC}") = "CloseFriends.Application", "CloseFriends.Application\CloseFriends.Application.csproj", "{38218DED-9A4E-4AE4-86B6-551D31DD5A69}"
EndProject
Project("{FAE04EC0-301F-11D3-BF4B-00C04F79EFBC}") = "CloseFriends.Infrastructure", "CloseFriends.Infrastructure\CloseFriends.Infrastructure.csproj", "{1489FD00-B940-4D36-B5DA-348A7C4B6203}"
EndProject
Project("{FAE04EC0-301F-11D3-BF4B-00C04F79EFBC}") = "CloseFriends.Api", "CloseFriends.Api\CloseFriends.Api.csproj", "{F6EBD3EE-A645-4EB2-9303-09DD4EA09322}"
EndProject
Global
	GlobalSection(SolutionConfigurationPlatforms) = preSolution
		Debug|Any CPU = Debug|Any CPU
		Release|Any CPU = Release|Any CPU
	EndGlobalSection
	GlobalSection(ProjectConfigurationPlatforms) = postSolution
		{8423426E-B2AA-47AE-902A-01731EAA1A7B}.Debug|Any CPU.ActiveCfg = Debug|Any CPU
		{8423426E-B2AA-47AE-902A-01731EAA1A7B}.Debug|Any CPU.Build.0 = Debug|Any CPU
		{8423426E-B2AA-47AE-902A-01731EAA1A7B}.Release|Any CPU.ActiveCfg = Release|Any CPU
		{8423426E-B2AA-47AE-902A-01731EAA1A7B}.Release|Any CPU.Build.0 = Release|Any CPU
		{38218DED-9A4E-4AE4-86B6-551D31DD5A69}.Debug|Any CPU.ActiveCfg = Debug|Any CPU
		{38218DED-9A4E-4AE4-86B6-551D31DD5A69}.Debug|Any CPU.Build.0 = Debug|Any CPU
		{38218DED-9A4E-4AE4-86B6-551D31DD5A69}.Release|Any CPU.ActiveCfg = Release|Any CPU
		{38218DED-9A4E-4AE4-86B6-551D31DD5A69}.Release|Any CPU.Build.0 = Release|Any CPU
		{1489FD00-B940-4D36-B5DA-348A7C4B6203}.Debug|Any CPU.ActiveCfg = Debug|Any CPU
		{1489FD00-B940-4D36-B5DA-348A7C4B6203}.Debug|Any CPU.Build.0 = Debug|Any CPU
		{1489FD00-B940-4D36-B5DA-348A7C4B6203}.Release|Any CPU.ActiveCfg = Release|Any CPU
		{1489FD00-B940-4D36-B5DA-348A7C4B6203}.Release|Any CPU.Build.0 = Release|Any CPU
		{F6EBD3EE-A645-4EB2-9303-09DD4EA09322}.Debug|Any CPU.ActiveCfg = Debug|Any CPU
		{F6EBD3EE-A645-4EB2-9303-09DD4EA09322}.Debug|Any CPU.Build.0 = Debug|Any CPU
		{F6EBD3EE-A645-4EB2-9303-09DD4EA09322}.Release|Any CPU.ActiveCfg = Release|Any CPU
		{F6EBD3EE-A645-4EB2-9303-09DD4EA09322}.Release|Any CPU.Build.0 = Release|Any CPU
	EndGlobalSection
	GlobalSection(SolutionProperties) = preSolution
		HideSolutionNode = FALSE
	EndGlobalSection
	GlobalSection(ExtensibilityGlobals) = postSolution
		SolutionGuid = {7D260ED8-26B1-4AA5-8166-24F1AEF9DC3F}
	EndGlobalSection
EndGlobal
